<?xml version="1.0" encoding="utf-8"?>
<Project ToolsVersion="4.0" xmlns="http://schemas.microsoft.com/developer/msbuild/2003">
  <ItemGroup>
    <ClCompile Include="ArmorGameObject.cpp" />
    <ClCompile Include="BleedingEffectGameObject.cpp" />
    <ClCompile Include="Colliding.cpp" />
    <ClCompile Include="CreatureGameObject.cpp" />
    <ClCompile Include="DynamicGameObject.cpp" />
    <ClCompile Include="EffectGameObject.cpp" />
    <ClCompile Include="EnemyGameObject.cpp" />
    <ClCompile Include="FloorGameObject.cpp" />
    <ClCompile Include="Game.cpp" />
    <ClCompile Include="GameObject.cpp" />
    <ClCompile Include="GraphicalSymbol.cpp" />
    <ClCompile Include="InteractionalbeGameObject.cpp" />
    <ClCompile Include="ItemGameObject.cpp" />
    <ClCompile Include="main.cpp" />
    <ClCompile Include="Map.cpp" />
    <ClCompile Include="PlayerGameObject.cpp" />
    <ClCompile Include="RegenerationEffectGameObject.cpp" />
    <ClCompile Include="Room.cpp" />
    <ClCompile Include="WallGameObject.cpp" />
    <ClCompile Include="WeaponGameObject.cpp" />
    <ClCompile Include="CreateMap.cpp" />
    <ClCompile Include="Bars.cpp" />
    <ClCompile Include="Draw.cpp" />
  </ItemGroup>
  <ItemGroup>
    <ClInclude Include="ArmorGameObject.h" />
    <ClInclude Include="BleedingEffectGameObject.h" />
    <ClInclude Include="BossGameObject.h" />
    <ClInclude Include="Colliding.h" />
    <ClInclude Include="CreatureGameObject.h" />
    <ClInclude Include="DynamicGameObject.h" />
    <ClInclude Include="EffectGameObject.h" />
    <ClInclude Include="EnemyGameObject.h" />
    <ClInclude Include="FloorGameObject.h" />
    <ClInclude Include="Game.h" />
    <ClInclude Include="GameObject.h" />
    <ClInclude Include="GraphicalSymbol.h" />
    <ClInclude Include="InteractionalbeGameObject.h" />
    <ClInclude Include="ItemGameObject.h" />
    <ClInclude Include="Map.h" />
    <ClInclude Include="PlayerGameObject.h" />
    <ClInclude Include="RegenerationEffectGameObject.h" />
    <ClInclude Include="Room.h" />
    <ClInclude Include="WallGameObject.h" />
    <ClInclude Include="WeaponGameObject.h" />
    <ClInclude Include="CreateMap.h" />
    <ClInclude Include="Bars.h" />
    <ClInclude Include="Draw.h" />
  </ItemGroup>
  <ItemGroup>
    <None Include="ClassDiagram.cd" />
  </ItemGroup>
</Project>