<?xml version="1.0" encoding="utf-8"?>
<Project ToolsVersion="4.0" xmlns="http://schemas.microsoft.com/developer/msbuild/2003">
  <ItemGroup>
    <ClCompile Include="main.cpp">
      <Filter>Pliki źródłowe</Filter>
    </ClCompile>
    <ClCompile Include="GraphicalSymbol.cpp">
      <Filter>Pliki źródłowe</Filter>
    </ClCompile>
    <ClCompile Include="GameObject.cpp">
      <Filter>Pliki źródłowe</Filter>
    </ClCompile>
    <ClCompile Include="CreatureGameObject.cpp">
      <Filter>Pliki źródłowe</Filter>
    </ClCompile>
    <ClCompile Include="ItemGameObject.cpp">
      <Filter>Pliki źródłowe</Filter>
    </ClCompile>
    <ClCompile Include="WallGameObject.cpp">
      <Filter>Pliki źródłowe</Filter>
    </ClCompile>
    <ClCompile Include="EffectGameObject.cpp">
      <Filter>Pliki źródłowe</Filter>
    </ClCompile>
    <ClCompile Include="PlayerGameObject.cpp">
      <Filter>Pliki źródłowe</Filter>
    </ClCompile>
    <ClCompile Include="InteractionalbeGameObject.cpp">
      <Filter>Pliki źródłowe</Filter>
    </ClCompile>
    <ClCompile Include="DynamicGameObject.cpp">
      <Filter>Pliki źródłowe</Filter>
    </ClCompile>
    <ClCompile Include="Game.cpp">
      <Filter>Pliki źródłowe</Filter>
    </ClCompile>
    <ClCompile Include="BleedingEffectGameObject.cpp">
      <Filter>Pliki źródłowe</Filter>
    </ClCompile>
    <ClCompile Include="EnemyGameObject.cpp">
      <Filter>Pliki źródłowe</Filter>
    </ClCompile>
    <ClCompile Include="WeaponGameObject.cpp">
      <Filter>Pliki źródłowe</Filter>
    </ClCompile>
    <ClCompile Include="ArmorGameObject.cpp">
      <Filter>Pliki źródłowe</Filter>
    </ClCompile>
    <ClCompile Include="RegenerationEffectGameObject.cpp">
      <Filter>Pliki źródłowe</Filter>
    </ClCompile>
    <ClCompile Include="Colliding.cpp">
      <Filter>Pliki źródłowe</Filter>
    </ClCompile>
    <ClCompile Include="Room.cpp">
      <Filter>Pliki źródłowe</Filter>
    </ClCompile>
    <ClCompile Include="FloorGameObject.cpp">
      <Filter>Pliki źródłowe</Filter>
    </ClCompile>
    <ClCompile Include="Map.cpp">
      <Filter>Pliki źródłowe</Filter>
    </ClCompile>
    <ClCompile Include="FloorGameObject.cpp">
      <Filter>Pliki źródłowe</Filter>
    </ClCompile>
    <ClCompile Include="EndGameObject.cpp">
      <Filter>Pliki źródłowe</Filter>
    </ClCompile>
    <ClCompile Include="Bars.cpp">
      <Filter>Pliki źródłowe</Filter>
    </ClCompile>
    <ClCompile Include="DisplayConsole.cpp">
      <Filter>Pliki źródłowe</Filter>
    </ClCompile>
    <ClCompile Include="DisplayAllegro.cpp" />
    <ClCompile Include="Display.cpp" />
  </ItemGroup>
  <ItemGroup>
    <ClInclude Include="GameObject.h">
      <Filter>Pliki nagłówkowe\GameObjects</Filter>
    </ClInclude>
    <ClInclude Include="GraphicalSymbol.h">
      <Filter>Pliki nagłówkowe\Graphics</Filter>
    </ClInclude>
    <ClInclude Include="InteractionalbeGameObject.h">
      <Filter>Pliki nagłówkowe\GameObjects</Filter>
    </ClInclude>
    <ClInclude Include="DynamicGameObject.h">
      <Filter>Pliki nagłówkowe\GameObjects</Filter>
    </ClInclude>
    <ClInclude Include="Game.h">
      <Filter>Pliki nagłówkowe\Main game controls</Filter>
    </ClInclude>
    <ClInclude Include="ItemGameObject.h">
      <Filter>Pliki nagłówkowe\GameObjects</Filter>
    </ClInclude>
    <ClInclude Include="PlayerGameObject.h">
      <Filter>Pliki nagłówkowe\GameObjects</Filter>
    </ClInclude>
    <ClInclude Include="BossGameObject.h">
      <Filter>Pliki nagłówkowe\GameObjects</Filter>
    </ClInclude>
    <ClInclude Include="CreatureGameObject.h">
      <Filter>Pliki nagłówkowe\GameObjects</Filter>
    </ClInclude>
    <ClInclude Include="Colliding.h">
      <Filter>Pliki nagłówkowe\GameObjects</Filter>
    </ClInclude>
    <ClInclude Include="EffectGameObject.h">
      <Filter>Pliki nagłówkowe\GameObjects</Filter>
    </ClInclude>
    <ClInclude Include="BleedingEffectGameObject.h">
      <Filter>Pliki nagłówkowe\PersonalizedGameObject</Filter>
    </ClInclude>
    <ClInclude Include="EnemyGameObject.h">
      <Filter>Pliki nagłówkowe\GameObjects</Filter>
    </ClInclude>
    <ClInclude Include="WeaponGameObject.h">
      <Filter>Pliki nagłówkowe\PersonalizedGameObject</Filter>
    </ClInclude>
    <ClInclude Include="ArmorGameObject.h">
      <Filter>Pliki nagłówkowe\PersonalizedGameObject</Filter>
    </ClInclude>
    <ClInclude Include="RegenerationEffectGameObject.h">
      <Filter>Pliki nagłówkowe\PersonalizedGameObject</Filter>
    </ClInclude>
    <ClInclude Include="WallGameObject.h">
      <Filter>Pliki nagłówkowe\PersonalizedGameObject</Filter>
    </ClInclude>
    <ClInclude Include="FloorGameObject.h">
      <Filter>Pliki nagłówkowe\PersonalizedGameObject</Filter>
    </ClInclude>
    <ClInclude Include="Room.h">
      <Filter>Pliki nagłówkowe\GameObjects</Filter>
    </ClInclude>
    <ClInclude Include="Map.h">
      <Filter>Pliki nagłówkowe\GameObjects</Filter>
    </ClInclude>
    <ClInclude Include="EndGameObject.h">
      <Filter>Pliki nagłówkowe\PersonalizedGameObject</Filter>
    </ClInclude>
    <ClInclude Include="Bars.h">
      <Filter>Pliki nagłówkowe\Graphics</Filter>
    </ClInclude>
    <ClInclude Include="Display.h">
      <Filter>Pliki nagłówkowe\Graphics</Filter>
    </ClInclude>
    <ClInclude Include="DisplayConsole.h">
      <Filter>Pliki nagłówkowe\Graphics</Filter>
    </ClInclude>
    <ClInclude Include="DisplayAllegro.h" />
    <ClInclude Include="resource.h" />
  </ItemGroup>
  <ItemGroup>
    <None Include="ClassDiagram.cd" />
    <None Include="packages.config" />
  </ItemGroup>
  <ItemGroup>
    <Filter Include="Pliki nagłówkowe" />
    <Filter Include="Pliki nagłówkowe\Graphics" />
    <Filter Include="Pliki nagłówkowe\Main game controls" />
    <Filter Include="Pliki nagłówkowe\PersonalizedGameObject" />
    <Filter Include="Pliki nagłówkowe\GameObjects" />
    <Filter Include="Pliki źródłowe" />
    <Filter Include="Resources">
      <UniqueIdentifier>{36409ebc-c274-446c-8bdb-897b5db0c9ed}</UniqueIdentifier>
    </Filter>
  </ItemGroup>
  <ItemGroup>
    <ResourceCompile Include="TrioRougelikeConsole.rc" />
  </ItemGroup>
  <ItemGroup>
    <Image Include="C:\Users\suchy\Desktop\Sprite.png">
      <Filter>Resources</Filter>
    </Image>
  </ItemGroup>
</Project>